// !$*UTF8*$!
{
	archiveVersion = 1;
	classes = {
	};
	objectVersion = 46;
	objects = {

/* Begin PBXBuildFile section */
		2AF66B566E01EDE28541C2EB /* libPods-RolePlay.a in Frameworks */ = {isa = PBXBuildFile; fileRef = 8C6AA7B95E01D8CC6B4F5078 /* libPods-RolePlay.a */; };
		7618660D1E8A4F880015E29F /* RFDSiftView.m in Sources */ = {isa = PBXBuildFile; fileRef = 7618660C1E8A4F880015E29F /* RFDSiftView.m */; };
		762565F81E88B59400189BC8 /* RFDMaterialViewController.m in Sources */ = {isa = PBXBuildFile; fileRef = 762565F71E88B59400189BC8 /* RFDMaterialViewController.m */; };
		762565FA1E88DEB900189BC8 /* example.jpg in Resources */ = {isa = PBXBuildFile; fileRef = 762565F91E88DEB900189BC8 /* example.jpg */; };
		762565FD1E88DF4B00189BC8 /* RFDMaterialCell.m in Sources */ = {isa = PBXBuildFile; fileRef = 762565FC1E88DF4B00189BC8 /* RFDMaterialCell.m */; };
		7625660E1E88F2A900189BC8 /* RFDButtonCell.m in Sources */ = {isa = PBXBuildFile; fileRef = 762566091E88F2A900189BC8 /* RFDButtonCell.m */; };
		7625660F1E88F2A900189BC8 /* RFDDetailInfoCell.m in Sources */ = {isa = PBXBuildFile; fileRef = 7625660B1E88F2A900189BC8 /* RFDDetailInfoCell.m */; };
		762566101E88F2A900189BC8 /* RFDUserDetailCell.m in Sources */ = {isa = PBXBuildFile; fileRef = 7625660D1E88F2A900189BC8 /* RFDUserDetailCell.m */; };
		7626F6B91E8C98A00010E361 /* RFDAddMaterialViewController.m in Sources */ = {isa = PBXBuildFile; fileRef = 7626F6B81E8C98A00010E361 /* RFDAddMaterialViewController.m */; };
		7626F6BC1E8CD6C90010E361 /* RFDSwitchCell.m in Sources */ = {isa = PBXBuildFile; fileRef = 7626F6BB1E8CD6C90010E361 /* RFDSwitchCell.m */; };
		7626F6BE1E8CD6DF0010E361 /* RFDSwitchCell.xib in Resources */ = {isa = PBXBuildFile; fileRef = 7626F6BD1E8CD6DF0010E361 /* RFDSwitchCell.xib */; };
		7626F6C11E8CE0D90010E361 /* RFDTextFiledCell.m in Sources */ = {isa = PBXBuildFile; fileRef = 7626F6C01E8CE0D90010E361 /* RFDTextFiledCell.m */; };
		7626F6C51E8CE1080010E361 /* RFDTextFiledCell.xib in Resources */ = {isa = PBXBuildFile; fileRef = 7626F6C41E8CE1080010E361 /* RFDTextFiledCell.xib */; };
		7626F6C81E8CEAA50010E361 /* RFDPickView.m in Sources */ = {isa = PBXBuildFile; fileRef = 7626F6C71E8CEAA50010E361 /* RFDPickView.m */; };
		762737221E9483C90005B34F /* RFDDirectMaterialCell.m in Sources */ = {isa = PBXBuildFile; fileRef = 762737211E9483C90005B34F /* RFDDirectMaterialCell.m */; };
		762737251E94866F0005B34F /* RFDDirectMaterialViewController.m in Sources */ = {isa = PBXBuildFile; fileRef = 762737241E94866F0005B34F /* RFDDirectMaterialViewController.m */; };
		762737281E948ED70005B34F /* RFDMaterialSelectCell.m in Sources */ = {isa = PBXBuildFile; fileRef = 762737271E948ED70005B34F /* RFDMaterialSelectCell.m */; };
		7627372B1E948F2D0005B34F /* RFDMaterialSelectListViewController.m in Sources */ = {isa = PBXBuildFile; fileRef = 7627372A1E948F2D0005B34F /* RFDMaterialSelectListViewController.m */; };
		7627372E1E94BBF10005B34F /* RFDDirectManualViewController.m in Sources */ = {isa = PBXBuildFile; fileRef = 7627372D1E94BBF10005B34F /* RFDDirectManualViewController.m */; };
		762737311E94BC9A0005B34F /* RFDDirectManualListViewController.m in Sources */ = {isa = PBXBuildFile; fileRef = 762737301E94BC9A0005B34F /* RFDDirectManualListViewController.m */; };
		762737341E94BF690005B34F /* RFDDirectManualCell.m in Sources */ = {isa = PBXBuildFile; fileRef = 762737331E94BF690005B34F /* RFDDirectManualCell.m */; };
		762737371E94C5F30005B34F /* RFDDirectManualListCell.m in Sources */ = {isa = PBXBuildFile; fileRef = 762737361E94C5F30005B34F /* RFDDirectManualListCell.m */; };
		7627373A1E94CE560005B34F /* RFDMaterialDetailEditViewController.m in Sources */ = {isa = PBXBuildFile; fileRef = 762737391E94CE560005B34F /* RFDMaterialDetailEditViewController.m */; };
		7638B0061E8B5FCF008A41DA /* RFDMaterialDetailViewController.m in Sources */ = {isa = PBXBuildFile; fileRef = 7638B0051E8B5FCF008A41DA /* RFDMaterialDetailViewController.m */; };
		7638B0091E8B8C16008A41DA /* RFDMaterialDetailCell.m in Sources */ = {isa = PBXBuildFile; fileRef = 7638B0081E8B8C16008A41DA /* RFDMaterialDetailCell.m */; };
		7638B00C1E8BA458008A41DA /* RFDMaterialEditCell.m in Sources */ = {isa = PBXBuildFile; fileRef = 7638B00B1E8BA458008A41DA /* RFDMaterialEditCell.m */; };
		763AA2BF1E8F397500E43B5F /* EjectView.m in Sources */ = {isa = PBXBuildFile; fileRef = 763AA2BC1E8F397500E43B5F /* EjectView.m */; };
		763AA2C01E8F397500E43B5F /* UIView+Eject.m in Sources */ = {isa = PBXBuildFile; fileRef = 763AA2BE1E8F397500E43B5F /* UIView+Eject.m */; };
		763DEC7D1E810E760086F6EA /* RFDNetworkManager.m in Sources */ = {isa = PBXBuildFile; fileRef = 763DEC7C1E810E760086F6EA /* RFDNetworkManager.m */; };
		766C950E1E836D4C004451F2 /* UIView+RFDAlertView.m in Sources */ = {isa = PBXBuildFile; fileRef = 766C950D1E836D4C004451F2 /* UIView+RFDAlertView.m */; };
		76A814F01E7FD44B006786E8 /* UIView+RFDExtension.m in Sources */ = {isa = PBXBuildFile; fileRef = 76A814EF1E7FD44B006786E8 /* UIView+RFDExtension.m */; };
		76AF0A241E7A40A6005899F2 /* main.m in Sources */ = {isa = PBXBuildFile; fileRef = 76AF0A231E7A40A6005899F2 /* main.m */; };
		76AF0A3D1E7A40A7005899F2 /* RolePlayTests.m in Sources */ = {isa = PBXBuildFile; fileRef = 76AF0A3C1E7A40A7005899F2 /* RolePlayTests.m */; };
		76AF0A481E7A40A7005899F2 /* RolePlayUITests.m in Sources */ = {isa = PBXBuildFile; fileRef = 76AF0A471E7A40A7005899F2 /* RolePlayUITests.m */; };
		76AF0A601E7A40EE005899F2 /* AppDelegate.m in Sources */ = {isa = PBXBuildFile; fileRef = 76AF0A571E7A40EE005899F2 /* AppDelegate.m */; };
		76AF0A611E7A40EE005899F2 /* Assets.xcassets in Resources */ = {isa = PBXBuildFile; fileRef = 76AF0A581E7A40EE005899F2 /* Assets.xcassets */; };
		76AF0A621E7A40EE005899F2 /* LaunchScreen.storyboard in Resources */ = {isa = PBXBuildFile; fileRef = 76AF0A591E7A40EE005899F2 /* LaunchScreen.storyboard */; };
		76AF0A651E7A40EE005899F2 /* ViewController.m in Sources */ = {isa = PBXBuildFile; fileRef = 76AF0A5F1E7A40EE005899F2 /* ViewController.m */; };
		76AF0A7F1E7A42B4005899F2 /* Info.plist in Resources */ = {isa = PBXBuildFile; fileRef = 76AF0A7E1E7A42B4005899F2 /* Info.plist */; };
		76AF0A8B1E7A76DD005899F2 /* RFDBaseViewController.m in Sources */ = {isa = PBXBuildFile; fileRef = 76AF0A8A1E7A76DD005899F2 /* RFDBaseViewController.m */; };
		76AF0A8E1E7A7759005899F2 /* RFDTabBarViewController.m in Sources */ = {isa = PBXBuildFile; fileRef = 76AF0A8D1E7A7759005899F2 /* RFDTabBarViewController.m */; };
		76AF0A911E7A77C4005899F2 /* RFDNaviViewController.m in Sources */ = {isa = PBXBuildFile; fileRef = 76AF0A901E7A77C4005899F2 /* RFDNaviViewController.m */; };
		76AF0A971E7A831D005899F2 /* RFDMessageViewController.m in Sources */ = {isa = PBXBuildFile; fileRef = 76AF0A951E7A831D005899F2 /* RFDMessageViewController.m */; };
		76AF0A9C1E7A833C005899F2 /* RFDAddressBookViewController.m in Sources */ = {isa = PBXBuildFile; fileRef = 76AF0A9A1E7A833C005899F2 /* RFDAddressBookViewController.m */; };
		76AF0AA11E7A8351005899F2 /* RFDFindViewController.m in Sources */ = {isa = PBXBuildFile; fileRef = 76AF0A9F1E7A8351005899F2 /* RFDFindViewController.m */; };
		76AF0AA61E7A835F005899F2 /* RFDMeViewController.m in Sources */ = {isa = PBXBuildFile; fileRef = 76AF0AA41E7A835F005899F2 /* RFDMeViewController.m */; };
		76D977DE1E7BB3F2002929D4 /* RFDTableViewController.m in Sources */ = {isa = PBXBuildFile; fileRef = 76D977DD1E7BB3F2002929D4 /* RFDTableViewController.m */; };
		76D977E11E7BBA2E002929D4 /* RFDTableViewCell.m in Sources */ = {isa = PBXBuildFile; fileRef = 76D977E01E7BBA2E002929D4 /* RFDTableViewCell.m */; };
		76D977E61E7BBDA1002929D4 /* UIView+RFD.m in Sources */ = {isa = PBXBuildFile; fileRef = 76D977E51E7BBDA1002929D4 /* UIView+RFD.m */; };
		76D977E91E7BBF33002929D4 /* RFDMessageTableViewCell.m in Sources */ = {isa = PBXBuildFile; fileRef = 76D977E81E7BBF33002929D4 /* RFDMessageTableViewCell.m */; };
		76D977EC1E7BC05E002929D4 /* RFDMessageModel.m in Sources */ = {isa = PBXBuildFile; fileRef = 76D977EB1E7BC05E002929D4 /* RFDMessageModel.m */; };
		76D977F71E7BC553002929D4 /* 1.jpg in Resources */ = {isa = PBXBuildFile; fileRef = 76D977EF1E7BC553002929D4 /* 1.jpg */; };
		76D977F81E7BC553002929D4 /* 10.jpeg in Resources */ = {isa = PBXBuildFile; fileRef = 76D977F01E7BC553002929D4 /* 10.jpeg */; };
		76D977F91E7BC553002929D4 /* 11.jpg in Resources */ = {isa = PBXBuildFile; fileRef = 76D977F11E7BC553002929D4 /* 11.jpg */; };
		76D977FA1E7BC553002929D4 /* 12.jpg in Resources */ = {isa = PBXBuildFile; fileRef = 76D977F21E7BC553002929D4 /* 12.jpg */; };
		76D977FB1E7BC553002929D4 /* 2.jpg in Resources */ = {isa = PBXBuildFile; fileRef = 76D977F31E7BC553002929D4 /* 2.jpg */; };
		76D977FC1E7BC553002929D4 /* 4.jpg in Resources */ = {isa = PBXBuildFile; fileRef = 76D977F41E7BC553002929D4 /* 4.jpg */; };
		76D977FD1E7BC553002929D4 /* 7.jpg in Resources */ = {isa = PBXBuildFile; fileRef = 76D977F51E7BC553002929D4 /* 7.jpg */; };
		76D977FE1E7BC553002929D4 /* 8.jpg in Resources */ = {isa = PBXBuildFile; fileRef = 76D977F61E7BC553002929D4 /* 8.jpg */; };
		76D978021E7BC85A002929D4 /* RFDFriendSearchViewController.m in Sources */ = {isa = PBXBuildFile; fileRef = 76D978011E7BC85A002929D4 /* RFDFriendSearchViewController.m */; };
		76D978051E7BCBC4002929D4 /* RFDDataHelper.m in Sources */ = {isa = PBXBuildFile; fileRef = 76D978041E7BCBC4002929D4 /* RFDDataHelper.m */; };
		76D978081E7BCC41002929D4 /* RFDUserModel.m in Sources */ = {isa = PBXBuildFile; fileRef = 76D978071E7BCC41002929D4 /* RFDUserModel.m */; };
		76D9780B1E7BCCC1002929D4 /* NSString+Pinyin.m in Sources */ = {isa = PBXBuildFile; fileRef = 76D9780A1E7BCCC1002929D4 /* NSString+Pinyin.m */; };
		76D9780E1E7BCDAE002929D4 /* RFDAddressBookTableViewCell.m in Sources */ = {isa = PBXBuildFile; fileRef = 76D9780D1E7BCDAE002929D4 /* RFDAddressBookTableViewCell.m */; };
		76D978131E7BD631002929D4 /* RFDAddFriendViewController.m in Sources */ = {isa = PBXBuildFile; fileRef = 76D978121E7BD631002929D4 /* RFDAddFriendViewController.m */; };
		76D978211E7BDB6D002929D4 /* RFDFriendDetailViewController.m in Sources */ = {isa = PBXBuildFile; fileRef = 76D978201E7BDB6D002929D4 /* RFDFriendDetailViewController.m */; };
		76D978251E7BDD57002929D4 /* RFDWebViewController.m in Sources */ = {isa = PBXBuildFile; fileRef = 76D978241E7BDD57002929D4 /* RFDWebViewController.m */; };
		76D978281E7BDED2002929D4 /* RFDFindCell.m in Sources */ = {isa = PBXBuildFile; fileRef = 76D978271E7BDED2002929D4 /* RFDFindCell.m */; };
/* End PBXBuildFile section */

/* Begin PBXContainerItemProxy section */
		76AF0A391E7A40A7005899F2 /* PBXContainerItemProxy */ = {
			isa = PBXContainerItemProxy;
			containerPortal = 76AF0A171E7A40A6005899F2 /* Project object */;
			proxyType = 1;
			remoteGlobalIDString = 76AF0A1E1E7A40A6005899F2;
			remoteInfo = RolePlay;
		};
		76AF0A441E7A40A7005899F2 /* PBXContainerItemProxy */ = {
			isa = PBXContainerItemProxy;
			containerPortal = 76AF0A171E7A40A6005899F2 /* Project object */;
			proxyType = 1;
			remoteGlobalIDString = 76AF0A1E1E7A40A6005899F2;
			remoteInfo = RolePlay;
		};
/* End PBXContainerItemProxy section */

/* Begin PBXFileReference section */
		19C3F848B24891E16C0BDC87 /* Pods-RolePlay.debug.xcconfig */ = {isa = PBXFileReference; includeInIndex = 1; lastKnownFileType = text.xcconfig; name = "Pods-RolePlay.debug.xcconfig"; path = "Pods/Target Support Files/Pods-RolePlay/Pods-RolePlay.debug.xcconfig"; sourceTree = "<group>"; };
		7618660B1E8A4F880015E29F /* RFDSiftView.h */ = {isa = PBXFileReference; fileEncoding = 4; lastKnownFileType = sourcecode.c.h; path = RFDSiftView.h; sourceTree = "<group>"; };
		7618660C1E8A4F880015E29F /* RFDSiftView.m */ = {isa = PBXFileReference; fileEncoding = 4; lastKnownFileType = sourcecode.c.objc; path = RFDSiftView.m; sourceTree = "<group>"; };
		762565F61E88B59400189BC8 /* RFDMaterialViewController.h */ = {isa = PBXFileReference; fileEncoding = 4; lastKnownFileType = sourcecode.c.h; path = RFDMaterialViewController.h; sourceTree = "<group>"; };
		762565F71E88B59400189BC8 /* RFDMaterialViewController.m */ = {isa = PBXFileReference; fileEncoding = 4; lastKnownFileType = sourcecode.c.objc; path = RFDMaterialViewController.m; sourceTree = "<group>"; };
		762565F91E88DEB900189BC8 /* example.jpg */ = {isa = PBXFileReference; lastKnownFileType = image.jpeg; path = example.jpg; sourceTree = "<group>"; };
		762565FB1E88DF4B00189BC8 /* RFDMaterialCell.h */ = {isa = PBXFileReference; fileEncoding = 4; lastKnownFileType = sourcecode.c.h; path = RFDMaterialCell.h; sourceTree = "<group>"; };
		762565FC1E88DF4B00189BC8 /* RFDMaterialCell.m */ = {isa = PBXFileReference; fileEncoding = 4; lastKnownFileType = sourcecode.c.objc; path = RFDMaterialCell.m; sourceTree = "<group>"; };
		762566081E88F2A900189BC8 /* RFDButtonCell.h */ = {isa = PBXFileReference; fileEncoding = 4; lastKnownFileType = sourcecode.c.h; path = RFDButtonCell.h; sourceTree = "<group>"; };
		762566091E88F2A900189BC8 /* RFDButtonCell.m */ = {isa = PBXFileReference; fileEncoding = 4; lastKnownFileType = sourcecode.c.objc; path = RFDButtonCell.m; sourceTree = "<group>"; };
		7625660A1E88F2A900189BC8 /* RFDDetailInfoCell.h */ = {isa = PBXFileReference; fileEncoding = 4; lastKnownFileType = sourcecode.c.h; path = RFDDetailInfoCell.h; sourceTree = "<group>"; };
		7625660B1E88F2A900189BC8 /* RFDDetailInfoCell.m */ = {isa = PBXFileReference; fileEncoding = 4; lastKnownFileType = sourcecode.c.objc; path = RFDDetailInfoCell.m; sourceTree = "<group>"; };
		7625660C1E88F2A900189BC8 /* RFDUserDetailCell.h */ = {isa = PBXFileReference; fileEncoding = 4; lastKnownFileType = sourcecode.c.h; path = RFDUserDetailCell.h; sourceTree = "<group>"; };
		7625660D1E88F2A900189BC8 /* RFDUserDetailCell.m */ = {isa = PBXFileReference; fileEncoding = 4; lastKnownFileType = sourcecode.c.objc; path = RFDUserDetailCell.m; sourceTree = "<group>"; };
		7626F6B71E8C98A00010E361 /* RFDAddMaterialViewController.h */ = {isa = PBXFileReference; fileEncoding = 4; lastKnownFileType = sourcecode.c.h; path = RFDAddMaterialViewController.h; sourceTree = "<group>"; };
		7626F6B81E8C98A00010E361 /* RFDAddMaterialViewController.m */ = {isa = PBXFileReference; fileEncoding = 4; lastKnownFileType = sourcecode.c.objc; path = RFDAddMaterialViewController.m; sourceTree = "<group>"; };
		7626F6BA1E8CD6C90010E361 /* RFDSwitchCell.h */ = {isa = PBXFileReference; fileEncoding = 4; lastKnownFileType = sourcecode.c.h; path = RFDSwitchCell.h; sourceTree = "<group>"; };
		7626F6BB1E8CD6C90010E361 /* RFDSwitchCell.m */ = {isa = PBXFileReference; fileEncoding = 4; lastKnownFileType = sourcecode.c.objc; path = RFDSwitchCell.m; sourceTree = "<group>"; };
		7626F6BD1E8CD6DF0010E361 /* RFDSwitchCell.xib */ = {isa = PBXFileReference; fileEncoding = 4; lastKnownFileType = file.xib; path = RFDSwitchCell.xib; sourceTree = "<group>"; };
		7626F6BF1E8CE0D90010E361 /* RFDTextFiledCell.h */ = {isa = PBXFileReference; fileEncoding = 4; lastKnownFileType = sourcecode.c.h; path = RFDTextFiledCell.h; sourceTree = "<group>"; };
		7626F6C01E8CE0D90010E361 /* RFDTextFiledCell.m */ = {isa = PBXFileReference; fileEncoding = 4; lastKnownFileType = sourcecode.c.objc; path = RFDTextFiledCell.m; sourceTree = "<group>"; };
		7626F6C41E8CE1080010E361 /* RFDTextFiledCell.xib */ = {isa = PBXFileReference; fileEncoding = 4; lastKnownFileType = file.xib; path = RFDTextFiledCell.xib; sourceTree = "<group>"; };
		7626F6C61E8CEAA50010E361 /* RFDPickView.h */ = {isa = PBXFileReference; fileEncoding = 4; lastKnownFileType = sourcecode.c.h; path = RFDPickView.h; sourceTree = "<group>"; };
		7626F6C71E8CEAA50010E361 /* RFDPickView.m */ = {isa = PBXFileReference; fileEncoding = 4; lastKnownFileType = sourcecode.c.objc; path = RFDPickView.m; sourceTree = "<group>"; };
		762737201E9483C90005B34F /* RFDDirectMaterialCell.h */ = {isa = PBXFileReference; fileEncoding = 4; lastKnownFileType = sourcecode.c.h; path = RFDDirectMaterialCell.h; sourceTree = "<group>"; };
		762737211E9483C90005B34F /* RFDDirectMaterialCell.m */ = {isa = PBXFileReference; fileEncoding = 4; lastKnownFileType = sourcecode.c.objc; path = RFDDirectMaterialCell.m; sourceTree = "<group>"; };
		762737231E94866F0005B34F /* RFDDirectMaterialViewController.h */ = {isa = PBXFileReference; fileEncoding = 4; lastKnownFileType = sourcecode.c.h; path = RFDDirectMaterialViewController.h; sourceTree = "<group>"; };
		762737241E94866F0005B34F /* RFDDirectMaterialViewController.m */ = {isa = PBXFileReference; fileEncoding = 4; lastKnownFileType = sourcecode.c.objc; path = RFDDirectMaterialViewController.m; sourceTree = "<group>"; };
		762737261E948ED70005B34F /* RFDMaterialSelectCell.h */ = {isa = PBXFileReference; fileEncoding = 4; lastKnownFileType = sourcecode.c.h; path = RFDMaterialSelectCell.h; sourceTree = "<group>"; };
		762737271E948ED70005B34F /* RFDMaterialSelectCell.m */ = {isa = PBXFileReference; fileEncoding = 4; lastKnownFileType = sourcecode.c.objc; path = RFDMaterialSelectCell.m; sourceTree = "<group>"; };
		762737291E948F2D0005B34F /* RFDMaterialSelectListViewController.h */ = {isa = PBXFileReference; fileEncoding = 4; lastKnownFileType = sourcecode.c.h; path = RFDMaterialSelectListViewController.h; sourceTree = "<group>"; };
		7627372A1E948F2D0005B34F /* RFDMaterialSelectListViewController.m */ = {isa = PBXFileReference; fileEncoding = 4; lastKnownFileType = sourcecode.c.objc; path = RFDMaterialSelectListViewController.m; sourceTree = "<group>"; };
		7627372C1E94BBF10005B34F /* RFDDirectManualViewController.h */ = {isa = PBXFileReference; fileEncoding = 4; lastKnownFileType = sourcecode.c.h; path = RFDDirectManualViewController.h; sourceTree = "<group>"; };
		7627372D1E94BBF10005B34F /* RFDDirectManualViewController.m */ = {isa = PBXFileReference; fileEncoding = 4; lastKnownFileType = sourcecode.c.objc; path = RFDDirectManualViewController.m; sourceTree = "<group>"; };
		7627372F1E94BC9A0005B34F /* RFDDirectManualListViewController.h */ = {isa = PBXFileReference; fileEncoding = 4; lastKnownFileType = sourcecode.c.h; path = RFDDirectManualListViewController.h; sourceTree = "<group>"; };
		762737301E94BC9A0005B34F /* RFDDirectManualListViewController.m */ = {isa = PBXFileReference; fileEncoding = 4; lastKnownFileType = sourcecode.c.objc; path = RFDDirectManualListViewController.m; sourceTree = "<group>"; };
		762737321E94BF690005B34F /* RFDDirectManualCell.h */ = {isa = PBXFileReference; fileEncoding = 4; lastKnownFileType = sourcecode.c.h; path = RFDDirectManualCell.h; sourceTree = "<group>"; };
		762737331E94BF690005B34F /* RFDDirectManualCell.m */ = {isa = PBXFileReference; fileEncoding = 4; lastKnownFileType = sourcecode.c.objc; path = RFDDirectManualCell.m; sourceTree = "<group>"; };
		762737351E94C5F30005B34F /* RFDDirectManualListCell.h */ = {isa = PBXFileReference; fileEncoding = 4; lastKnownFileType = sourcecode.c.h; path = RFDDirectManualListCell.h; sourceTree = "<group>"; };
		762737361E94C5F30005B34F /* RFDDirectManualListCell.m */ = {isa = PBXFileReference; fileEncoding = 4; lastKnownFileType = sourcecode.c.objc; path = RFDDirectManualListCell.m; sourceTree = "<group>"; };
		762737381E94CE560005B34F /* RFDMaterialDetailEditViewController.h */ = {isa = PBXFileReference; fileEncoding = 4; lastKnownFileType = sourcecode.c.h; path = RFDMaterialDetailEditViewController.h; sourceTree = "<group>"; };
		762737391E94CE560005B34F /* RFDMaterialDetailEditViewController.m */ = {isa = PBXFileReference; fileEncoding = 4; lastKnownFileType = sourcecode.c.objc; path = RFDMaterialDetailEditViewController.m; sourceTree = "<group>"; };
		7638B0041E8B5FCF008A41DA /* RFDMaterialDetailViewController.h */ = {isa = PBXFileReference; fileEncoding = 4; lastKnownFileType = sourcecode.c.h; path = RFDMaterialDetailViewController.h; sourceTree = "<group>"; };
		7638B0051E8B5FCF008A41DA /* RFDMaterialDetailViewController.m */ = {isa = PBXFileReference; fileEncoding = 4; lastKnownFileType = sourcecode.c.objc; path = RFDMaterialDetailViewController.m; sourceTree = "<group>"; };
		7638B0071E8B8C16008A41DA /* RFDMaterialDetailCell.h */ = {isa = PBXFileReference; fileEncoding = 4; lastKnownFileType = sourcecode.c.h; path = RFDMaterialDetailCell.h; sourceTree = "<group>"; };
		7638B0081E8B8C16008A41DA /* RFDMaterialDetailCell.m */ = {isa = PBXFileReference; fileEncoding = 4; lastKnownFileType = sourcecode.c.objc; path = RFDMaterialDetailCell.m; sourceTree = "<group>"; };
		7638B00A1E8BA458008A41DA /* RFDMaterialEditCell.h */ = {isa = PBXFileReference; fileEncoding = 4; lastKnownFileType = sourcecode.c.h; path = RFDMaterialEditCell.h; sourceTree = "<group>"; };
		7638B00B1E8BA458008A41DA /* RFDMaterialEditCell.m */ = {isa = PBXFileReference; fileEncoding = 4; lastKnownFileType = sourcecode.c.objc; path = RFDMaterialEditCell.m; sourceTree = "<group>"; };
		763AA2BB1E8F397500E43B5F /* EjectView.h */ = {isa = PBXFileReference; fileEncoding = 4; lastKnownFileType = sourcecode.c.h; path = EjectView.h; sourceTree = "<group>"; };
		763AA2BC1E8F397500E43B5F /* EjectView.m */ = {isa = PBXFileReference; fileEncoding = 4; lastKnownFileType = sourcecode.c.objc; path = EjectView.m; sourceTree = "<group>"; };
		763AA2BD1E8F397500E43B5F /* UIView+Eject.h */ = {isa = PBXFileReference; fileEncoding = 4; lastKnownFileType = sourcecode.c.h; path = "UIView+Eject.h"; sourceTree = "<group>"; };
		763AA2BE1E8F397500E43B5F /* UIView+Eject.m */ = {isa = PBXFileReference; fileEncoding = 4; lastKnownFileType = sourcecode.c.objc; path = "UIView+Eject.m"; sourceTree = "<group>"; };
		763DEC7B1E810E760086F6EA /* RFDNetworkManager.h */ = {isa = PBXFileReference; fileEncoding = 4; lastKnownFileType = sourcecode.c.h; path = RFDNetworkManager.h; sourceTree = "<group>"; };
		763DEC7C1E810E760086F6EA /* RFDNetworkManager.m */ = {isa = PBXFileReference; fileEncoding = 4; lastKnownFileType = sourcecode.c.objc; path = RFDNetworkManager.m; sourceTree = "<group>"; };
		766C950C1E836D4C004451F2 /* UIView+RFDAlertView.h */ = {isa = PBXFileReference; fileEncoding = 4; lastKnownFileType = sourcecode.c.h; path = "UIView+RFDAlertView.h"; sourceTree = "<group>"; };
		766C950D1E836D4C004451F2 /* UIView+RFDAlertView.m */ = {isa = PBXFileReference; fileEncoding = 4; lastKnownFileType = sourcecode.c.objc; path = "UIView+RFDAlertView.m"; sourceTree = "<group>"; };
		76A814EE1E7FD44B006786E8 /* UIView+RFDExtension.h */ = {isa = PBXFileReference; fileEncoding = 4; lastKnownFileType = sourcecode.c.h; path = "UIView+RFDExtension.h"; sourceTree = "<group>"; };
		76A814EF1E7FD44B006786E8 /* UIView+RFDExtension.m */ = {isa = PBXFileReference; fileEncoding = 4; lastKnownFileType = sourcecode.c.objc; path = "UIView+RFDExtension.m"; sourceTree = "<group>"; };
		76AF0A1F1E7A40A6005899F2 /* RolePlay.app */ = {isa = PBXFileReference; explicitFileType = wrapper.application; includeInIndex = 0; path = RolePlay.app; sourceTree = BUILT_PRODUCTS_DIR; };
		76AF0A231E7A40A6005899F2 /* main.m */ = {isa = PBXFileReference; lastKnownFileType = sourcecode.c.objc; path = main.m; sourceTree = "<group>"; };
		76AF0A381E7A40A7005899F2 /* RolePlayTests.xctest */ = {isa = PBXFileReference; explicitFileType = wrapper.cfbundle; includeInIndex = 0; path = RolePlayTests.xctest; sourceTree = BUILT_PRODUCTS_DIR; };
		76AF0A3C1E7A40A7005899F2 /* RolePlayTests.m */ = {isa = PBXFileReference; lastKnownFileType = sourcecode.c.objc; path = RolePlayTests.m; sourceTree = "<group>"; };
		76AF0A3E1E7A40A7005899F2 /* Info.plist */ = {isa = PBXFileReference; lastKnownFileType = text.plist.xml; path = Info.plist; sourceTree = "<group>"; };
		76AF0A431E7A40A7005899F2 /* RolePlayUITests.xctest */ = {isa = PBXFileReference; explicitFileType = wrapper.cfbundle; includeInIndex = 0; path = RolePlayUITests.xctest; sourceTree = BUILT_PRODUCTS_DIR; };
		76AF0A471E7A40A7005899F2 /* RolePlayUITests.m */ = {isa = PBXFileReference; lastKnownFileType = sourcecode.c.objc; path = RolePlayUITests.m; sourceTree = "<group>"; };
		76AF0A491E7A40A7005899F2 /* Info.plist */ = {isa = PBXFileReference; lastKnownFileType = text.plist.xml; path = Info.plist; sourceTree = "<group>"; };
		76AF0A561E7A40EE005899F2 /* AppDelegate.h */ = {isa = PBXFileReference; fileEncoding = 4; lastKnownFileType = sourcecode.c.h; path = AppDelegate.h; sourceTree = "<group>"; };
		76AF0A571E7A40EE005899F2 /* AppDelegate.m */ = {isa = PBXFileReference; fileEncoding = 4; lastKnownFileType = sourcecode.c.objc; path = AppDelegate.m; sourceTree = "<group>"; };
		76AF0A581E7A40EE005899F2 /* Assets.xcassets */ = {isa = PBXFileReference; lastKnownFileType = folder.assetcatalog; path = Assets.xcassets; sourceTree = "<group>"; };
		76AF0A5A1E7A40EE005899F2 /* Base */ = {isa = PBXFileReference; lastKnownFileType = file.storyboard; name = Base; path = Base.lproj/LaunchScreen.storyboard; sourceTree = "<group>"; };
		76AF0A5E1E7A40EE005899F2 /* ViewController.h */ = {isa = PBXFileReference; fileEncoding = 4; lastKnownFileType = sourcecode.c.h; path = ViewController.h; sourceTree = "<group>"; };
		76AF0A5F1E7A40EE005899F2 /* ViewController.m */ = {isa = PBXFileReference; fileEncoding = 4; lastKnownFileType = sourcecode.c.objc; path = ViewController.m; sourceTree = "<group>"; };
		76AF0A7E1E7A42B4005899F2 /* Info.plist */ = {isa = PBXFileReference; fileEncoding = 4; lastKnownFileType = text.plist.xml; name = Info.plist; path = RolePlay/Info.plist; sourceTree = "<group>"; };
		76AF0A891E7A76DD005899F2 /* RFDBaseViewController.h */ = {isa = PBXFileReference; fileEncoding = 4; lastKnownFileType = sourcecode.c.h; path = RFDBaseViewController.h; sourceTree = "<group>"; };
		76AF0A8A1E7A76DD005899F2 /* RFDBaseViewController.m */ = {isa = PBXFileReference; fileEncoding = 4; lastKnownFileType = sourcecode.c.objc; path = RFDBaseViewController.m; sourceTree = "<group>"; };
		76AF0A8C1E7A7759005899F2 /* RFDTabBarViewController.h */ = {isa = PBXFileReference; fileEncoding = 4; lastKnownFileType = sourcecode.c.h; path = RFDTabBarViewController.h; sourceTree = "<group>"; };
		76AF0A8D1E7A7759005899F2 /* RFDTabBarViewController.m */ = {isa = PBXFileReference; fileEncoding = 4; lastKnownFileType = sourcecode.c.objc; path = RFDTabBarViewController.m; sourceTree = "<group>"; };
		76AF0A8F1E7A77C4005899F2 /* RFDNaviViewController.h */ = {isa = PBXFileReference; fileEncoding = 4; lastKnownFileType = sourcecode.c.h; path = RFDNaviViewController.h; sourceTree = "<group>"; };
		76AF0A901E7A77C4005899F2 /* RFDNaviViewController.m */ = {isa = PBXFileReference; fileEncoding = 4; lastKnownFileType = sourcecode.c.objc; path = RFDNaviViewController.m; sourceTree = "<group>"; };
		76AF0A921E7A78BD005899F2 /* Define.h */ = {isa = PBXFileReference; fileEncoding = 4; lastKnownFileType = sourcecode.c.h; path = Define.h; sourceTree = "<group>"; };
		76AF0A931E7A7965005899F2 /* PrefixHeader.pch */ = {isa = PBXFileReference; fileEncoding = 4; lastKnownFileType = sourcecode.c.h; path = PrefixHeader.pch; sourceTree = "<group>"; };
		76AF0A941E7A831D005899F2 /* RFDMessageViewController.h */ = {isa = PBXFileReference; fileEncoding = 4; lastKnownFileType = sourcecode.c.h; path = RFDMessageViewController.h; sourceTree = "<group>"; };
		76AF0A951E7A831D005899F2 /* RFDMessageViewController.m */ = {isa = PBXFileReference; fileEncoding = 4; lastKnownFileType = sourcecode.c.objc; path = RFDMessageViewController.m; sourceTree = "<group>"; };
		76AF0A991E7A833C005899F2 /* RFDAddressBookViewController.h */ = {isa = PBXFileReference; fileEncoding = 4; lastKnownFileType = sourcecode.c.h; path = RFDAddressBookViewController.h; sourceTree = "<group>"; };
		76AF0A9A1E7A833C005899F2 /* RFDAddressBookViewController.m */ = {isa = PBXFileReference; fileEncoding = 4; lastKnownFileType = sourcecode.c.objc; path = RFDAddressBookViewController.m; sourceTree = "<group>"; };
		76AF0A9E1E7A8351005899F2 /* RFDFindViewController.h */ = {isa = PBXFileReference; fileEncoding = 4; lastKnownFileType = sourcecode.c.h; path = RFDFindViewController.h; sourceTree = "<group>"; };
		76AF0A9F1E7A8351005899F2 /* RFDFindViewController.m */ = {isa = PBXFileReference; fileEncoding = 4; lastKnownFileType = sourcecode.c.objc; path = RFDFindViewController.m; sourceTree = "<group>"; };
		76AF0AA31E7A835F005899F2 /* RFDMeViewController.h */ = {isa = PBXFileReference; fileEncoding = 4; lastKnownFileType = sourcecode.c.h; path = RFDMeViewController.h; sourceTree = "<group>"; };
		76AF0AA41E7A835F005899F2 /* RFDMeViewController.m */ = {isa = PBXFileReference; fileEncoding = 4; lastKnownFileType = sourcecode.c.objc; path = RFDMeViewController.m; sourceTree = "<group>"; };
		76D977DC1E7BB3F2002929D4 /* RFDTableViewController.h */ = {isa = PBXFileReference; fileEncoding = 4; lastKnownFileType = sourcecode.c.h; path = RFDTableViewController.h; sourceTree = "<group>"; };
		76D977DD1E7BB3F2002929D4 /* RFDTableViewController.m */ = {isa = PBXFileReference; fileEncoding = 4; lastKnownFileType = sourcecode.c.objc; path = RFDTableViewController.m; sourceTree = "<group>"; };
		76D977DF1E7BBA2E002929D4 /* RFDTableViewCell.h */ = {isa = PBXFileReference; fileEncoding = 4; lastKnownFileType = sourcecode.c.h; path = RFDTableViewCell.h; sourceTree = "<group>"; };
		76D977E01E7BBA2E002929D4 /* RFDTableViewCell.m */ = {isa = PBXFileReference; fileEncoding = 4; lastKnownFileType = sourcecode.c.objc; path = RFDTableViewCell.m; sourceTree = "<group>"; };
		76D977E41E7BBDA1002929D4 /* UIView+RFD.h */ = {isa = PBXFileReference; fileEncoding = 4; lastKnownFileType = sourcecode.c.h; path = "UIView+RFD.h"; sourceTree = "<group>"; };
		76D977E51E7BBDA1002929D4 /* UIView+RFD.m */ = {isa = PBXFileReference; fileEncoding = 4; lastKnownFileType = sourcecode.c.objc; path = "UIView+RFD.m"; sourceTree = "<group>"; };
		76D977E71E7BBF33002929D4 /* RFDMessageTableViewCell.h */ = {isa = PBXFileReference; fileEncoding = 4; lastKnownFileType = sourcecode.c.h; path = RFDMessageTableViewCell.h; sourceTree = "<group>"; };
		76D977E81E7BBF33002929D4 /* RFDMessageTableViewCell.m */ = {isa = PBXFileReference; fileEncoding = 4; lastKnownFileType = sourcecode.c.objc; path = RFDMessageTableViewCell.m; sourceTree = "<group>"; };
		76D977EA1E7BC05E002929D4 /* RFDMessageModel.h */ = {isa = PBXFileReference; fileEncoding = 4; lastKnownFileType = sourcecode.c.h; path = RFDMessageModel.h; sourceTree = "<group>"; };
		76D977EB1E7BC05E002929D4 /* RFDMessageModel.m */ = {isa = PBXFileReference; fileEncoding = 4; lastKnownFileType = sourcecode.c.objc; path = RFDMessageModel.m; sourceTree = "<group>"; };
		76D977EF1E7BC553002929D4 /* 1.jpg */ = {isa = PBXFileReference; lastKnownFileType = image.jpeg; path = 1.jpg; sourceTree = "<group>"; };
		76D977F01E7BC553002929D4 /* 10.jpeg */ = {isa = PBXFileReference; lastKnownFileType = image.jpeg; path = 10.jpeg; sourceTree = "<group>"; };
		76D977F11E7BC553002929D4 /* 11.jpg */ = {isa = PBXFileReference; lastKnownFileType = image.jpeg; path = 11.jpg; sourceTree = "<group>"; };
		76D977F21E7BC553002929D4 /* 12.jpg */ = {isa = PBXFileReference; lastKnownFileType = image.jpeg; path = 12.jpg; sourceTree = "<group>"; };
		76D977F31E7BC553002929D4 /* 2.jpg */ = {isa = PBXFileReference; lastKnownFileType = image.jpeg; path = 2.jpg; sourceTree = "<group>"; };
		76D977F41E7BC553002929D4 /* 4.jpg */ = {isa = PBXFileReference; lastKnownFileType = image.jpeg; path = 4.jpg; sourceTree = "<group>"; };
		76D977F51E7BC553002929D4 /* 7.jpg */ = {isa = PBXFileReference; lastKnownFileType = image.jpeg; path = 7.jpg; sourceTree = "<group>"; };
		76D977F61E7BC553002929D4 /* 8.jpg */ = {isa = PBXFileReference; lastKnownFileType = image.jpeg; path = 8.jpg; sourceTree = "<group>"; };
		76D978001E7BC85A002929D4 /* RFDFriendSearchViewController.h */ = {isa = PBXFileReference; fileEncoding = 4; lastKnownFileType = sourcecode.c.h; path = RFDFriendSearchViewController.h; sourceTree = "<group>"; };
		76D978011E7BC85A002929D4 /* RFDFriendSearchViewController.m */ = {isa = PBXFileReference; fileEncoding = 4; lastKnownFileType = sourcecode.c.objc; path = RFDFriendSearchViewController.m; sourceTree = "<group>"; };
		76D978031E7BCBC4002929D4 /* RFDDataHelper.h */ = {isa = PBXFileReference; fileEncoding = 4; lastKnownFileType = sourcecode.c.h; path = RFDDataHelper.h; sourceTree = "<group>"; };
		76D978041E7BCBC4002929D4 /* RFDDataHelper.m */ = {isa = PBXFileReference; fileEncoding = 4; lastKnownFileType = sourcecode.c.objc; path = RFDDataHelper.m; sourceTree = "<group>"; };
		76D978061E7BCC41002929D4 /* RFDUserModel.h */ = {isa = PBXFileReference; fileEncoding = 4; lastKnownFileType = sourcecode.c.h; path = RFDUserModel.h; sourceTree = "<group>"; };
		76D978071E7BCC41002929D4 /* RFDUserModel.m */ = {isa = PBXFileReference; fileEncoding = 4; lastKnownFileType = sourcecode.c.objc; path = RFDUserModel.m; sourceTree = "<group>"; };
		76D978091E7BCCC1002929D4 /* NSString+Pinyin.h */ = {isa = PBXFileReference; fileEncoding = 4; lastKnownFileType = sourcecode.c.h; path = "NSString+Pinyin.h"; sourceTree = "<group>"; };
		76D9780A1E7BCCC1002929D4 /* NSString+Pinyin.m */ = {isa = PBXFileReference; fileEncoding = 4; lastKnownFileType = sourcecode.c.objc; path = "NSString+Pinyin.m"; sourceTree = "<group>"; };
		76D9780C1E7BCDAE002929D4 /* RFDAddressBookTableViewCell.h */ = {isa = PBXFileReference; fileEncoding = 4; lastKnownFileType = sourcecode.c.h; path = RFDAddressBookTableViewCell.h; sourceTree = "<group>"; };
		76D9780D1E7BCDAE002929D4 /* RFDAddressBookTableViewCell.m */ = {isa = PBXFileReference; fileEncoding = 4; lastKnownFileType = sourcecode.c.objc; path = RFDAddressBookTableViewCell.m; sourceTree = "<group>"; };
		76D978111E7BD631002929D4 /* RFDAddFriendViewController.h */ = {isa = PBXFileReference; fileEncoding = 4; lastKnownFileType = sourcecode.c.h; path = RFDAddFriendViewController.h; sourceTree = "<group>"; };
		76D978121E7BD631002929D4 /* RFDAddFriendViewController.m */ = {isa = PBXFileReference; fileEncoding = 4; lastKnownFileType = sourcecode.c.objc; path = RFDAddFriendViewController.m; sourceTree = "<group>"; };
		76D9781F1E7BDB6D002929D4 /* RFDFriendDetailViewController.h */ = {isa = PBXFileReference; fileEncoding = 4; lastKnownFileType = sourcecode.c.h; path = RFDFriendDetailViewController.h; sourceTree = "<group>"; };
		76D978201E7BDB6D002929D4 /* RFDFriendDetailViewController.m */ = {isa = PBXFileReference; fileEncoding = 4; lastKnownFileType = sourcecode.c.objc; path = RFDFriendDetailViewController.m; sourceTree = "<group>"; };
		76D978231E7BDD57002929D4 /* RFDWebViewController.h */ = {isa = PBXFileReference; fileEncoding = 4; lastKnownFileType = sourcecode.c.h; path = RFDWebViewController.h; sourceTree = "<group>"; };
		76D978241E7BDD57002929D4 /* RFDWebViewController.m */ = {isa = PBXFileReference; fileEncoding = 4; lastKnownFileType = sourcecode.c.objc; path = RFDWebViewController.m; sourceTree = "<group>"; };
		76D978261E7BDED2002929D4 /* RFDFindCell.h */ = {isa = PBXFileReference; fileEncoding = 4; lastKnownFileType = sourcecode.c.h; path = RFDFindCell.h; sourceTree = "<group>"; };
		76D978271E7BDED2002929D4 /* RFDFindCell.m */ = {isa = PBXFileReference; fileEncoding = 4; lastKnownFileType = sourcecode.c.objc; path = RFDFindCell.m; sourceTree = "<group>"; };
		8C6AA7B95E01D8CC6B4F5078 /* libPods-RolePlay.a */ = {isa = PBXFileReference; explicitFileType = archive.ar; includeInIndex = 0; path = "libPods-RolePlay.a"; sourceTree = BUILT_PRODUCTS_DIR; };
		B3F3C1D8EEC485528D56BC93 /* Pods-RolePlay.release.xcconfig */ = {isa = PBXFileReference; includeInIndex = 1; lastKnownFileType = text.xcconfig; name = "Pods-RolePlay.release.xcconfig"; path = "Pods/Target Support Files/Pods-RolePlay/Pods-RolePlay.release.xcconfig"; sourceTree = "<group>"; };
/* End PBXFileReference section */

/* Begin PBXFrameworksBuildPhase section */
		76AF0A1C1E7A40A6005899F2 /* Frameworks */ = {
			isa = PBXFrameworksBuildPhase;
			buildActionMask = 2147483647;
			files = (
				2AF66B566E01EDE28541C2EB /* libPods-RolePlay.a in Frameworks */,
			);
			runOnlyForDeploymentPostprocessing = 0;
		};
		76AF0A351E7A40A7005899F2 /* Frameworks */ = {
			isa = PBXFrameworksBuildPhase;
			buildActionMask = 2147483647;
			files = (
			);
			runOnlyForDeploymentPostprocessing = 0;
		};
		76AF0A401E7A40A7005899F2 /* Frameworks */ = {
			isa = PBXFrameworksBuildPhase;
			buildActionMask = 2147483647;
			files = (
			);
			runOnlyForDeploymentPostprocessing = 0;
		};
/* End PBXFrameworksBuildPhase section */

/* Begin PBXGroup section */
		619655C1D378A61CE786BAED /* Pods */ = {
			isa = PBXGroup;
			children = (
				19C3F848B24891E16C0BDC87 /* Pods-RolePlay.debug.xcconfig */,
				B3F3C1D8EEC485528D56BC93 /* Pods-RolePlay.release.xcconfig */,
			);
			name = Pods;
			sourceTree = "<group>";
		};
		762565F41E88B57A00189BC8 /* BaseApplyVC */ = {
			isa = PBXGroup;
			children = (
				762565F51E88B57A00189BC8 /* MaterialVC */,
			);
			path = BaseApplyVC;
			sourceTree = "<group>";
		};
		762565F51E88B57A00189BC8 /* MaterialVC */ = {
			isa = PBXGroup;
			children = (
				762565F61E88B59400189BC8 /* RFDMaterialViewController.h */,
				762565F71E88B59400189BC8 /* RFDMaterialViewController.m */,
				7638B0041E8B5FCF008A41DA /* RFDMaterialDetailViewController.h */,
				7638B0051E8B5FCF008A41DA /* RFDMaterialDetailViewController.m */,
				762737381E94CE560005B34F /* RFDMaterialDetailEditViewController.h */,
				762737391E94CE560005B34F /* RFDMaterialDetailEditViewController.m */,
				7626F6B71E8C98A00010E361 /* RFDAddMaterialViewController.h */,
				7626F6B81E8C98A00010E361 /* RFDAddMaterialViewController.m */,
				762737231E94866F0005B34F /* RFDDirectMaterialViewController.h */,
				762737241E94866F0005B34F /* RFDDirectMaterialViewController.m */,
				762737291E948F2D0005B34F /* RFDMaterialSelectListViewController.h */,
				7627372A1E948F2D0005B34F /* RFDMaterialSelectListViewController.m */,
				7627372C1E94BBF10005B34F /* RFDDirectManualViewController.h */,
				7627372D1E94BBF10005B34F /* RFDDirectManualViewController.m */,
				7627372F1E94BC9A0005B34F /* RFDDirectManualListViewController.h */,
				762737301E94BC9A0005B34F /* RFDDirectManualListViewController.m */,
			);
			path = MaterialVC;
			sourceTree = "<group>";
		};
		762566071E88F2A900189BC8 /* FriendDetailCell */ = {
			isa = PBXGroup;
			children = (
				762566081E88F2A900189BC8 /* RFDButtonCell.h */,
				762566091E88F2A900189BC8 /* RFDButtonCell.m */,
				7625660A1E88F2A900189BC8 /* RFDDetailInfoCell.h */,
				7625660B1E88F2A900189BC8 /* RFDDetailInfoCell.m */,
				7625660C1E88F2A900189BC8 /* RFDUserDetailCell.h */,
				7625660D1E88F2A900189BC8 /* RFDUserDetailCell.m */,
			);
			path = FriendDetailCell;
			sourceTree = "<group>";
		};
		763AA2BA1E8F397500E43B5F /* RFDPhoto */ = {
			isa = PBXGroup;
			children = (
				763AA2BB1E8F397500E43B5F /* EjectView.h */,
				763AA2BC1E8F397500E43B5F /* EjectView.m */,
				763AA2BD1E8F397500E43B5F /* UIView+Eject.h */,
				763AA2BE1E8F397500E43B5F /* UIView+Eject.m */,
			);
			path = RFDPhoto;
			sourceTree = "<group>";
		};
		76AF0A161E7A40A6005899F2 = {
			isa = PBXGroup;
			children = (
				76AF0A211E7A40A6005899F2 /* RolePlay */,
				76D977ED1E7BC553002929D4 /* Resource */,
				76AF0A7E1E7A42B4005899F2 /* Info.plist */,
				76AF0A3B1E7A40A7005899F2 /* RolePlayTests */,
				76AF0A461E7A40A7005899F2 /* RolePlayUITests */,
				76AF0A201E7A40A6005899F2 /* Products */,
				619655C1D378A61CE786BAED /* Pods */,
				8C6FBF54ABDD51C2EBC3A4B1 /* Frameworks */,
			);
			sourceTree = "<group>";
		};
		76AF0A201E7A40A6005899F2 /* Products */ = {
			isa = PBXGroup;
			children = (
				76AF0A1F1E7A40A6005899F2 /* RolePlay.app */,
				76AF0A381E7A40A7005899F2 /* RolePlayTests.xctest */,
				76AF0A431E7A40A7005899F2 /* RolePlayUITests.xctest */,
			);
			name = Products;
			sourceTree = "<group>";
		};
		76AF0A211E7A40A6005899F2 /* RolePlay */ = {
			isa = PBXGroup;
			children = (
				76D977E31E7BBC40002929D4 /* Category */,
				76AF0A6E1E7A41C8005899F2 /* Commom */,
				76AF0A551E7A40EE005899F2 /* Other */,
				76AF0A6A1E7A41C8005899F2 /* Base */,
				76AF0A7A1E7A41C8005899F2 /* Message */,
				76AF0A661E7A41C8005899F2 /* AddressBook */,
				76AF0A721E7A41C8005899F2 /* Find */,
				76AF0A761E7A41C8005899F2 /* Me */,
				76AF0A221E7A40A6005899F2 /* Supporting Files */,
			);
			path = RolePlay;
			sourceTree = "<group>";
		};
		76AF0A221E7A40A6005899F2 /* Supporting Files */ = {
			isa = PBXGroup;
			children = (
				76AF0A231E7A40A6005899F2 /* main.m */,
			);
			name = "Supporting Files";
			sourceTree = "<group>";
		};
		76AF0A3B1E7A40A7005899F2 /* RolePlayTests */ = {
			isa = PBXGroup;
			children = (
				76AF0A3C1E7A40A7005899F2 /* RolePlayTests.m */,
				76AF0A3E1E7A40A7005899F2 /* Info.plist */,
			);
			path = RolePlayTests;
			sourceTree = "<group>";
		};
		76AF0A461E7A40A7005899F2 /* RolePlayUITests */ = {
			isa = PBXGroup;
			children = (
				76AF0A471E7A40A7005899F2 /* RolePlayUITests.m */,
				76AF0A491E7A40A7005899F2 /* Info.plist */,
			);
			path = RolePlayUITests;
			sourceTree = "<group>";
		};
		76AF0A551E7A40EE005899F2 /* Other */ = {
			isa = PBXGroup;
			children = (
				76AF0A561E7A40EE005899F2 /* AppDelegate.h */,
				76AF0A571E7A40EE005899F2 /* AppDelegate.m */,
				76AF0A581E7A40EE005899F2 /* Assets.xcassets */,
				76AF0A591E7A40EE005899F2 /* LaunchScreen.storyboard */,
				76AF0A5E1E7A40EE005899F2 /* ViewController.h */,
				76AF0A5F1E7A40EE005899F2 /* ViewController.m */,
			);
			path = Other;
			sourceTree = "<group>";
		};
		76AF0A661E7A41C8005899F2 /* AddressBook */ = {
			isa = PBXGroup;
			children = (
				76AF0A691E7A41C8005899F2 /* ViewController */,
				76AF0A681E7A41C8005899F2 /* View */,
				76AF0A671E7A41C8005899F2 /* Model */,
			);
			path = AddressBook;
			sourceTree = "<group>";
		};
		76AF0A671E7A41C8005899F2 /* Model */ = {
			isa = PBXGroup;
			children = (
			);
			path = Model;
			sourceTree = "<group>";
		};
		76AF0A681E7A41C8005899F2 /* View */ = {
			isa = PBXGroup;
			children = (
				76D9780C1E7BCDAE002929D4 /* RFDAddressBookTableViewCell.h */,
				76D9780D1E7BCDAE002929D4 /* RFDAddressBookTableViewCell.m */,
				762566071E88F2A900189BC8 /* FriendDetailCell */,
			);
			path = View;
			sourceTree = "<group>";
		};
		76AF0A691E7A41C8005899F2 /* ViewController */ = {
			isa = PBXGroup;
			children = (
				76AF0A991E7A833C005899F2 /* RFDAddressBookViewController.h */,
				76AF0A9A1E7A833C005899F2 /* RFDAddressBookViewController.m */,
				76D977FF1E7BC823002929D4 /* FriendSearchVC */,
				76D978101E7BD60C002929D4 /* AddFriendVC */,
				76D9781E1E7BDB43002929D4 /* FriendDetailVC */,
			);
			path = ViewController;
			sourceTree = "<group>";
		};
		76AF0A6A1E7A41C8005899F2 /* Base */ = {
			isa = PBXGroup;
			children = (
				76AF0A921E7A78BD005899F2 /* Define.h */,
				76AF0A891E7A76DD005899F2 /* RFDBaseViewController.h */,
				76AF0A8A1E7A76DD005899F2 /* RFDBaseViewController.m */,
				76AF0A8C1E7A7759005899F2 /* RFDTabBarViewController.h */,
				76AF0A8D1E7A7759005899F2 /* RFDTabBarViewController.m */,
				76AF0A8F1E7A77C4005899F2 /* RFDNaviViewController.h */,
				76AF0A901E7A77C4005899F2 /* RFDNaviViewController.m */,
				76D977DC1E7BB3F2002929D4 /* RFDTableViewController.h */,
				76D977DD1E7BB3F2002929D4 /* RFDTableViewController.m */,
				76D977DF1E7BBA2E002929D4 /* RFDTableViewCell.h */,
				76D977E01E7BBA2E002929D4 /* RFDTableViewCell.m */,
				76AF0A931E7A7965005899F2 /* PrefixHeader.pch */,
			);
			path = Base;
			sourceTree = "<group>";
		};
		76AF0A6E1E7A41C8005899F2 /* Commom */ = {
			isa = PBXGroup;
			children = (
				763AA2BA1E8F397500E43B5F /* RFDPhoto */,
				76D978031E7BCBC4002929D4 /* RFDDataHelper.h */,
				76D978041E7BCBC4002929D4 /* RFDDataHelper.m */,
				763DEC7B1E810E760086F6EA /* RFDNetworkManager.h */,
				763DEC7C1E810E760086F6EA /* RFDNetworkManager.m */,
				766C950C1E836D4C004451F2 /* UIView+RFDAlertView.h */,
				766C950D1E836D4C004451F2 /* UIView+RFDAlertView.m */,
				7626F6C61E8CEAA50010E361 /* RFDPickView.h */,
				7626F6C71E8CEAA50010E361 /* RFDPickView.m */,
			);
			path = Commom;
			sourceTree = "<group>";
		};
		76AF0A721E7A41C8005899F2 /* Find */ = {
			isa = PBXGroup;
			children = (
				76AF0A751E7A41C8005899F2 /* ViewController */,
				76AF0A741E7A41C8005899F2 /* View */,
				76AF0A731E7A41C8005899F2 /* Model */,
			);
			path = Find;
			sourceTree = "<group>";
		};
		76AF0A731E7A41C8005899F2 /* Model */ = {
			isa = PBXGroup;
			children = (
			);
			path = Model;
			sourceTree = "<group>";
		};
		76AF0A741E7A41C8005899F2 /* View */ = {
			isa = PBXGroup;
			children = (
				76D978261E7BDED2002929D4 /* RFDFindCell.h */,
				76D978271E7BDED2002929D4 /* RFDFindCell.m */,
				762565FB1E88DF4B00189BC8 /* RFDMaterialCell.h */,
				762565FC1E88DF4B00189BC8 /* RFDMaterialCell.m */,
				7638B00A1E8BA458008A41DA /* RFDMaterialEditCell.h */,
				7638B00B1E8BA458008A41DA /* RFDMaterialEditCell.m */,
				7618660B1E8A4F880015E29F /* RFDSiftView.h */,
				7618660C1E8A4F880015E29F /* RFDSiftView.m */,
				7638B0071E8B8C16008A41DA /* RFDMaterialDetailCell.h */,
				7638B0081E8B8C16008A41DA /* RFDMaterialDetailCell.m */,
				7626F6BA1E8CD6C90010E361 /* RFDSwitchCell.h */,
				7626F6BB1E8CD6C90010E361 /* RFDSwitchCell.m */,
				7626F6BD1E8CD6DF0010E361 /* RFDSwitchCell.xib */,
				7626F6BF1E8CE0D90010E361 /* RFDTextFiledCell.h */,
				7626F6C01E8CE0D90010E361 /* RFDTextFiledCell.m */,
				7626F6C41E8CE1080010E361 /* RFDTextFiledCell.xib */,
				762737201E9483C90005B34F /* RFDDirectMaterialCell.h */,
				762737211E9483C90005B34F /* RFDDirectMaterialCell.m */,
				762737261E948ED70005B34F /* RFDMaterialSelectCell.h */,
				762737271E948ED70005B34F /* RFDMaterialSelectCell.m */,
				762737321E94BF690005B34F /* RFDDirectManualCell.h */,
				762737331E94BF690005B34F /* RFDDirectManualCell.m */,
				762737351E94C5F30005B34F /* RFDDirectManualListCell.h */,
				762737361E94C5F30005B34F /* RFDDirectManualListCell.m */,
			);
			path = View;
			sourceTree = "<group>";
		};
		76AF0A751E7A41C8005899F2 /* ViewController */ = {
			isa = PBXGroup;
			children = (
				76AF0A9E1E7A8351005899F2 /* RFDFindViewController.h */,
				76AF0A9F1E7A8351005899F2 /* RFDFindViewController.m */,
				76D978221E7BDD37002929D4 /* WebViewVC */,
				762565F41E88B57A00189BC8 /* BaseApplyVC */,
			);
			path = ViewController;
			sourceTree = "<group>";
		};
		76AF0A761E7A41C8005899F2 /* Me */ = {
			isa = PBXGroup;
			children = (
				76AF0A791E7A41C8005899F2 /* ViewController */,
				76AF0A781E7A41C8005899F2 /* View */,
				76AF0A771E7A41C8005899F2 /* Model */,
			);
			path = Me;
			sourceTree = "<group>";
		};
		76AF0A771E7A41C8005899F2 /* Model */ = {
			isa = PBXGroup;
			children = (
				76D978061E7BCC41002929D4 /* RFDUserModel.h */,
				76D978071E7BCC41002929D4 /* RFDUserModel.m */,
			);
			path = Model;
			sourceTree = "<group>";
		};
		76AF0A781E7A41C8005899F2 /* View */ = {
			isa = PBXGroup;
			children = (
			);
			path = View;
			sourceTree = "<group>";
		};
		76AF0A791E7A41C8005899F2 /* ViewController */ = {
			isa = PBXGroup;
			children = (
				76AF0AA31E7A835F005899F2 /* RFDMeViewController.h */,
				76AF0AA41E7A835F005899F2 /* RFDMeViewController.m */,
			);
			path = ViewController;
			sourceTree = "<group>";
		};
		76AF0A7A1E7A41C8005899F2 /* Message */ = {
			isa = PBXGroup;
			children = (
				76AF0A7D1E7A41C8005899F2 /* ViewController */,
				76AF0A7C1E7A41C8005899F2 /* View */,
				76AF0A7B1E7A41C8005899F2 /* Model */,
			);
			path = Message;
			sourceTree = "<group>";
		};
		76AF0A7B1E7A41C8005899F2 /* Model */ = {
			isa = PBXGroup;
			children = (
				76D977EA1E7BC05E002929D4 /* RFDMessageModel.h */,
				76D977EB1E7BC05E002929D4 /* RFDMessageModel.m */,
			);
			path = Model;
			sourceTree = "<group>";
		};
		76AF0A7C1E7A41C8005899F2 /* View */ = {
			isa = PBXGroup;
			children = (
				76D977E71E7BBF33002929D4 /* RFDMessageTableViewCell.h */,
				76D977E81E7BBF33002929D4 /* RFDMessageTableViewCell.m */,
			);
			path = View;
			sourceTree = "<group>";
		};
		76AF0A7D1E7A41C8005899F2 /* ViewController */ = {
			isa = PBXGroup;
			children = (
				76AF0A941E7A831D005899F2 /* RFDMessageViewController.h */,
				76AF0A951E7A831D005899F2 /* RFDMessageViewController.m */,
			);
			path = ViewController;
			sourceTree = "<group>";
		};
		76D977E31E7BBC40002929D4 /* Category */ = {
			isa = PBXGroup;
			children = (
				76D977E41E7BBDA1002929D4 /* UIView+RFD.h */,
				76D977E51E7BBDA1002929D4 /* UIView+RFD.m */,
				76D978091E7BCCC1002929D4 /* NSString+Pinyin.h */,
				76D9780A1E7BCCC1002929D4 /* NSString+Pinyin.m */,
				76A814EE1E7FD44B006786E8 /* UIView+RFDExtension.h */,
				76A814EF1E7FD44B006786E8 /* UIView+RFDExtension.m */,
			);
			path = Category;
			sourceTree = "<group>";
		};
		76D977ED1E7BC553002929D4 /* Resource */ = {
			isa = PBXGroup;
			children = (
				76D977EE1E7BC553002929D4 /* images@2x */,
			);
			path = Resource;
			sourceTree = "<group>";
		};
		76D977EE1E7BC553002929D4 /* images@2x */ = {
			isa = PBXGroup;
			children = (
				76D977EF1E7BC553002929D4 /* 1.jpg */,
				76D977F01E7BC553002929D4 /* 10.jpeg */,
				76D977F11E7BC553002929D4 /* 11.jpg */,
				76D977F21E7BC553002929D4 /* 12.jpg */,
				76D977F31E7BC553002929D4 /* 2.jpg */,
				76D977F41E7BC553002929D4 /* 4.jpg */,
				76D977F51E7BC553002929D4 /* 7.jpg */,
				76D977F61E7BC553002929D4 /* 8.jpg */,
				762565F91E88DEB900189BC8 /* example.jpg */,
			);
			path = "images@2x";
			sourceTree = "<group>";
		};
		76D977FF1E7BC823002929D4 /* FriendSearchVC */ = {
			isa = PBXGroup;
			children = (
				76D978001E7BC85A002929D4 /* RFDFriendSearchViewController.h */,
				76D978011E7BC85A002929D4 /* RFDFriendSearchViewController.m */,
			);
			path = FriendSearchVC;
			sourceTree = "<group>";
		};
		76D978101E7BD60C002929D4 /* AddFriendVC */ = {
			isa = PBXGroup;
			children = (
				76D978111E7BD631002929D4 /* RFDAddFriendViewController.h */,
				76D978121E7BD631002929D4 /* RFDAddFriendViewController.m */,
			);
			path = AddFriendVC;
			sourceTree = "<group>";
		};
		76D9781E1E7BDB43002929D4 /* FriendDetailVC */ = {
			isa = PBXGroup;
			children = (
				76D9781F1E7BDB6D002929D4 /* RFDFriendDetailViewController.h */,
				76D978201E7BDB6D002929D4 /* RFDFriendDetailViewController.m */,
			);
			path = FriendDetailVC;
			sourceTree = "<group>";
		};
		76D978221E7BDD37002929D4 /* WebViewVC */ = {
			isa = PBXGroup;
			children = (
				76D978231E7BDD57002929D4 /* RFDWebViewController.h */,
				76D978241E7BDD57002929D4 /* RFDWebViewController.m */,
			);
			path = WebViewVC;
			sourceTree = "<group>";
		};
		8C6FBF54ABDD51C2EBC3A4B1 /* Frameworks */ = {
			isa = PBXGroup;
			children = (
				8C6AA7B95E01D8CC6B4F5078 /* libPods-RolePlay.a */,
			);
			name = Frameworks;
			sourceTree = "<group>";
		};
/* End PBXGroup section */

/* Begin PBXNativeTarget section */
		76AF0A1E1E7A40A6005899F2 /* RolePlay */ = {
			isa = PBXNativeTarget;
			buildConfigurationList = 76AF0A4C1E7A40A7005899F2 /* Build configuration list for PBXNativeTarget "RolePlay" */;
			buildPhases = (
				13D525953E08A28415655914 /* [CP] Check Pods Manifest.lock */,
				76AF0A1B1E7A40A6005899F2 /* Sources */,
				76AF0A1C1E7A40A6005899F2 /* Frameworks */,
				76AF0A1D1E7A40A6005899F2 /* Resources */,
				935D8C50B65461DF8B56B7D9 /* [CP] Embed Pods Frameworks */,
				CAAE99CD8332CB3B4C3A0FAE /* [CP] Copy Pods Resources */,
			);
			buildRules = (
			);
			dependencies = (
			);
			name = RolePlay;
			productName = RolePlay;
			productReference = 76AF0A1F1E7A40A6005899F2 /* RolePlay.app */;
			productType = "com.apple.product-type.application";
		};
		76AF0A371E7A40A7005899F2 /* RolePlayTests */ = {
			isa = PBXNativeTarget;
			buildConfigurationList = 76AF0A4F1E7A40A7005899F2 /* Build configuration list for PBXNativeTarget "RolePlayTests" */;
			buildPhases = (
				76AF0A341E7A40A7005899F2 /* Sources */,
				76AF0A351E7A40A7005899F2 /* Frameworks */,
				76AF0A361E7A40A7005899F2 /* Resources */,
			);
			buildRules = (
			);
			dependencies = (
				76AF0A3A1E7A40A7005899F2 /* PBXTargetDependency */,
			);
			name = RolePlayTests;
			productName = RolePlayTests;
			productReference = 76AF0A381E7A40A7005899F2 /* RolePlayTests.xctest */;
			productType = "com.apple.product-type.bundle.unit-test";
		};
		76AF0A421E7A40A7005899F2 /* RolePlayUITests */ = {
			isa = PBXNativeTarget;
			buildConfigurationList = 76AF0A521E7A40A7005899F2 /* Build configuration list for PBXNativeTarget "RolePlayUITests" */;
			buildPhases = (
				76AF0A3F1E7A40A7005899F2 /* Sources */,
				76AF0A401E7A40A7005899F2 /* Frameworks */,
				76AF0A411E7A40A7005899F2 /* Resources */,
			);
			buildRules = (
			);
			dependencies = (
				76AF0A451E7A40A7005899F2 /* PBXTargetDependency */,
			);
			name = RolePlayUITests;
			productName = RolePlayUITests;
			productReference = 76AF0A431E7A40A7005899F2 /* RolePlayUITests.xctest */;
			productType = "com.apple.product-type.bundle.ui-testing";
		};
/* End PBXNativeTarget section */

/* Begin PBXProject section */
		76AF0A171E7A40A6005899F2 /* Project object */ = {
			isa = PBXProject;
			attributes = {
				CLASSPREFIX = RFD;
				LastUpgradeCheck = 0820;
				ORGANIZATIONNAME = Refordom;
				TargetAttributes = {
					76AF0A1E1E7A40A6005899F2 = {
						CreatedOnToolsVersion = 8.2.1;
						DevelopmentTeam = 75R36N6AU9;
						ProvisioningStyle = Automatic;
					};
					76AF0A371E7A40A7005899F2 = {
						CreatedOnToolsVersion = 8.2.1;
						ProvisioningStyle = Automatic;
						TestTargetID = 76AF0A1E1E7A40A6005899F2;
					};
					76AF0A421E7A40A7005899F2 = {
						CreatedOnToolsVersion = 8.2.1;
						ProvisioningStyle = Automatic;
						TestTargetID = 76AF0A1E1E7A40A6005899F2;
					};
				};
			};
			buildConfigurationList = 76AF0A1A1E7A40A6005899F2 /* Build configuration list for PBXProject "RolePlay" */;
			compatibilityVersion = "Xcode 3.2";
			developmentRegion = English;
			hasScannedForEncodings = 0;
			knownRegions = (
				en,
				Base,
			);
			mainGroup = 76AF0A161E7A40A6005899F2;
			productRefGroup = 76AF0A201E7A40A6005899F2 /* Products */;
			projectDirPath = "";
			projectRoot = "";
			targets = (
				76AF0A1E1E7A40A6005899F2 /* RolePlay */,
				76AF0A371E7A40A7005899F2 /* RolePlayTests */,
				76AF0A421E7A40A7005899F2 /* RolePlayUITests */,
			);
		};
/* End PBXProject section */

/* Begin PBXResourcesBuildPhase section */
		76AF0A1D1E7A40A6005899F2 /* Resources */ = {
			isa = PBXResourcesBuildPhase;
			buildActionMask = 2147483647;
			files = (
				76D977FC1E7BC553002929D4 /* 4.jpg in Resources */,
				76D977FB1E7BC553002929D4 /* 2.jpg in Resources */,
				76D977FA1E7BC553002929D4 /* 12.jpg in Resources */,
				76AF0A7F1E7A42B4005899F2 /* Info.plist in Resources */,
				76AF0A611E7A40EE005899F2 /* Assets.xcassets in Resources */,
				76D977FE1E7BC553002929D4 /* 8.jpg in Resources */,
				762565FA1E88DEB900189BC8 /* example.jpg in Resources */,
				76D977F91E7BC553002929D4 /* 11.jpg in Resources */,
				76D977F81E7BC553002929D4 /* 10.jpeg in Resources */,
				76AF0A621E7A40EE005899F2 /* LaunchScreen.storyboard in Resources */,
				7626F6BE1E8CD6DF0010E361 /* RFDSwitchCell.xib in Resources */,
				76D977FD1E7BC553002929D4 /* 7.jpg in Resources */,
				7626F6C51E8CE1080010E361 /* RFDTextFiledCell.xib in Resources */,
				76D977F71E7BC553002929D4 /* 1.jpg in Resources */,
			);
			runOnlyForDeploymentPostprocessing = 0;
		};
		76AF0A361E7A40A7005899F2 /* Resources */ = {
			isa = PBXResourcesBuildPhase;
			buildActionMask = 2147483647;
			files = (
			);
			runOnlyForDeploymentPostprocessing = 0;
		};
		76AF0A411E7A40A7005899F2 /* Resources */ = {
			isa = PBXResourcesBuildPhase;
			buildActionMask = 2147483647;
			files = (
			);
			runOnlyForDeploymentPostprocessing = 0;
		};
/* End PBXResourcesBuildPhase section */

/* Begin PBXShellScriptBuildPhase section */
		13D525953E08A28415655914 /* [CP] Check Pods Manifest.lock */ = {
			isa = PBXShellScriptBuildPhase;
			buildActionMask = 2147483647;
			files = (
			);
			inputPaths = (
			);
			name = "[CP] Check Pods Manifest.lock";
			outputPaths = (
			);
			runOnlyForDeploymentPostprocessing = 0;
			shellPath = /bin/sh;
			shellScript = "diff \"${PODS_ROOT}/../Podfile.lock\" \"${PODS_ROOT}/Manifest.lock\" > /dev/null\nif [ $? != 0 ] ; then\n    # print error to STDERR\n    echo \"error: The sandbox is not in sync with the Podfile.lock. Run 'pod install' or update your CocoaPods installation.\" >&2\n    exit 1\nfi\n";
			showEnvVarsInLog = 0;
		};
		935D8C50B65461DF8B56B7D9 /* [CP] Embed Pods Frameworks */ = {
			isa = PBXShellScriptBuildPhase;
			buildActionMask = 2147483647;
			files = (
			);
			inputPaths = (
			);
			name = "[CP] Embed Pods Frameworks";
			outputPaths = (
			);
			runOnlyForDeploymentPostprocessing = 0;
			shellPath = /bin/sh;
			shellScript = "\"${SRCROOT}/Pods/Target Support Files/Pods-RolePlay/Pods-RolePlay-frameworks.sh\"\n";
			showEnvVarsInLog = 0;
		};
		CAAE99CD8332CB3B4C3A0FAE /* [CP] Copy Pods Resources */ = {
			isa = PBXShellScriptBuildPhase;
			buildActionMask = 2147483647;
			files = (
			);
			inputPaths = (
			);
			name = "[CP] Copy Pods Resources";
			outputPaths = (
			);
			runOnlyForDeploymentPostprocessing = 0;
			shellPath = /bin/sh;
			shellScript = "\"${SRCROOT}/Pods/Target Support Files/Pods-RolePlay/Pods-RolePlay-resources.sh\"\n";
			showEnvVarsInLog = 0;
		};
/* End PBXShellScriptBuildPhase section */

/* Begin PBXSourcesBuildPhase section */
		76AF0A1B1E7A40A6005899F2 /* Sources */ = {
			isa = PBXSourcesBuildPhase;
			buildActionMask = 2147483647;
			files = (
				76D978131E7BD631002929D4 /* RFDAddFriendViewController.m in Sources */,
				76AF0AA11E7A8351005899F2 /* RFDFindViewController.m in Sources */,
				7625660E1E88F2A900189BC8 /* RFDButtonCell.m in Sources */,
				76D978021E7BC85A002929D4 /* RFDFriendSearchViewController.m in Sources */,
				76AF0A9C1E7A833C005899F2 /* RFDAddressBookViewController.m in Sources */,
				766C950E1E836D4C004451F2 /* UIView+RFDAlertView.m in Sources */,
				76D977E11E7BBA2E002929D4 /* RFDTableViewCell.m in Sources */,
				762737251E94866F0005B34F /* RFDDirectMaterialViewController.m in Sources */,
				76D978251E7BDD57002929D4 /* RFDWebViewController.m in Sources */,
				763AA2BF1E8F397500E43B5F /* EjectView.m in Sources */,
				76D978281E7BDED2002929D4 /* RFDFindCell.m in Sources */,
				76D978081E7BCC41002929D4 /* RFDUserModel.m in Sources */,
				76AF0A8B1E7A76DD005899F2 /* RFDBaseViewController.m in Sources */,
				7626F6B91E8C98A00010E361 /* RFDAddMaterialViewController.m in Sources */,
				76AF0A911E7A77C4005899F2 /* RFDNaviViewController.m in Sources */,
				76AF0A651E7A40EE005899F2 /* ViewController.m in Sources */,
				7626F6C81E8CEAA50010E361 /* RFDPickView.m in Sources */,
				762737221E9483C90005B34F /* RFDDirectMaterialCell.m in Sources */,
				762737341E94BF690005B34F /* RFDDirectManualCell.m in Sources */,
				76AF0A971E7A831D005899F2 /* RFDMessageViewController.m in Sources */,
				76D977E91E7BBF33002929D4 /* RFDMessageTableViewCell.m in Sources */,
				763DEC7D1E810E760086F6EA /* RFDNetworkManager.m in Sources */,
				76AF0A601E7A40EE005899F2 /* AppDelegate.m in Sources */,
				7638B0061E8B5FCF008A41DA /* RFDMaterialDetailViewController.m in Sources */,
				7625660F1E88F2A900189BC8 /* RFDDetailInfoCell.m in Sources */,
				762737281E948ED70005B34F /* RFDMaterialSelectCell.m in Sources */,
				76AF0AA61E7A835F005899F2 /* RFDMeViewController.m in Sources */,
				7638B0091E8B8C16008A41DA /* RFDMaterialDetailCell.m in Sources */,
				7638B00C1E8BA458008A41DA /* RFDMaterialEditCell.m in Sources */,
				7618660D1E8A4F880015E29F /* RFDSiftView.m in Sources */,
				763AA2C01E8F397500E43B5F /* UIView+Eject.m in Sources */,
				76D977DE1E7BB3F2002929D4 /* RFDTableViewController.m in Sources */,
				76D9780B1E7BCCC1002929D4 /* NSString+Pinyin.m in Sources */,
				7627372B1E948F2D0005B34F /* RFDMaterialSelectListViewController.m in Sources */,
				7626F6BC1E8CD6C90010E361 /* RFDSwitchCell.m in Sources */,
				762737371E94C5F30005B34F /* RFDDirectManualListCell.m in Sources */,
				76A814F01E7FD44B006786E8 /* UIView+RFDExtension.m in Sources */,
				76D978211E7BDB6D002929D4 /* RFDFriendDetailViewController.m in Sources */,
				7627372E1E94BBF10005B34F /* RFDDirectManualViewController.m in Sources */,
				762565FD1E88DF4B00189BC8 /* RFDMaterialCell.m in Sources */,
				76D977E61E7BBDA1002929D4 /* UIView+RFD.m in Sources */,
				762565F81E88B59400189BC8 /* RFDMaterialViewController.m in Sources */,
				7626F6C11E8CE0D90010E361 /* RFDTextFiledCell.m in Sources */,
				7627373A1E94CE560005B34F /* RFDMaterialDetailEditViewController.m in Sources */,
				76D977EC1E7BC05E002929D4 /* RFDMessageModel.m in Sources */,
				76D9780E1E7BCDAE002929D4 /* RFDAddressBookTableViewCell.m in Sources */,
				762566101E88F2A900189BC8 /* RFDUserDetailCell.m in Sources */,
				76D978051E7BCBC4002929D4 /* RFDDataHelper.m in Sources */,
				76AF0A8E1E7A7759005899F2 /* RFDTabBarViewController.m in Sources */,
				762737311E94BC9A0005B34F /* RFDDirectManualListViewController.m in Sources */,
				76AF0A241E7A40A6005899F2 /* main.m in Sources */,
			);
			runOnlyForDeploymentPostprocessing = 0;
		};
		76AF0A341E7A40A7005899F2 /* Sources */ = {
			isa = PBXSourcesBuildPhase;
			buildActionMask = 2147483647;
			files = (
				76AF0A3D1E7A40A7005899F2 /* RolePlayTests.m in Sources */,
			);
			runOnlyForDeploymentPostprocessing = 0;
		};
		76AF0A3F1E7A40A7005899F2 /* Sources */ = {
			isa = PBXSourcesBuildPhase;
			buildActionMask = 2147483647;
			files = (
				76AF0A481E7A40A7005899F2 /* RolePlayUITests.m in Sources */,
			);
			runOnlyForDeploymentPostprocessing = 0;
		};
/* End PBXSourcesBuildPhase section */

/* Begin PBXTargetDependency section */
		76AF0A3A1E7A40A7005899F2 /* PBXTargetDependency */ = {
			isa = PBXTargetDependency;
			target = 76AF0A1E1E7A40A6005899F2 /* RolePlay */;
			targetProxy = 76AF0A391E7A40A7005899F2 /* PBXContainerItemProxy */;
		};
		76AF0A451E7A40A7005899F2 /* PBXTargetDependency */ = {
			isa = PBXTargetDependency;
			target = 76AF0A1E1E7A40A6005899F2 /* RolePlay */;
			targetProxy = 76AF0A441E7A40A7005899F2 /* PBXContainerItemProxy */;
		};
/* End PBXTargetDependency section */

/* Begin PBXVariantGroup section */
		76AF0A591E7A40EE005899F2 /* LaunchScreen.storyboard */ = {
			isa = PBXVariantGroup;
			children = (
				76AF0A5A1E7A40EE005899F2 /* Base */,
			);
			name = LaunchScreen.storyboard;
			sourceTree = "<group>";
		};
/* End PBXVariantGroup section */

/* Begin XCBuildConfiguration section */
		76AF0A4A1E7A40A7005899F2 /* Debug */ = {
			isa = XCBuildConfiguration;
			buildSettings = {
				ALWAYS_SEARCH_USER_PATHS = NO;
				CLANG_ANALYZER_NONNULL = YES;
				CLANG_CXX_LANGUAGE_STANDARD = "gnu++0x";
				CLANG_CXX_LIBRARY = "libc++";
				CLANG_ENABLE_MODULES = YES;
				CLANG_ENABLE_OBJC_ARC = YES;
				CLANG_WARN_BOOL_CONVERSION = YES;
				CLANG_WARN_CONSTANT_CONVERSION = YES;
				CLANG_WARN_DIRECT_OBJC_ISA_USAGE = YES_ERROR;
				CLANG_WARN_DOCUMENTATION_COMMENTS = YES;
				CLANG_WARN_EMPTY_BODY = YES;
				CLANG_WARN_ENUM_CONVERSION = YES;
				CLANG_WARN_INFINITE_RECURSION = YES;
				CLANG_WARN_INT_CONVERSION = YES;
				CLANG_WARN_OBJC_ROOT_CLASS = YES_ERROR;
				CLANG_WARN_SUSPICIOUS_MOVE = YES;
				CLANG_WARN_UNREACHABLE_CODE = YES;
				CLANG_WARN__DUPLICATE_METHOD_MATCH = YES;
				"CODE_SIGN_IDENTITY[sdk=iphoneos*]" = "iPhone Developer";
				COPY_PHASE_STRIP = NO;
				DEBUG_INFORMATION_FORMAT = dwarf;
				ENABLE_STRICT_OBJC_MSGSEND = YES;
				ENABLE_TESTABILITY = YES;
				GCC_C_LANGUAGE_STANDARD = gnu99;
				GCC_DYNAMIC_NO_PIC = NO;
				GCC_NO_COMMON_BLOCKS = YES;
				GCC_OPTIMIZATION_LEVEL = 0;
				GCC_PREPROCESSOR_DEFINITIONS = (
					"DEBUG=1",
					"$(inherited)",
				);
				GCC_WARN_64_TO_32_BIT_CONVERSION = YES;
				GCC_WARN_ABOUT_RETURN_TYPE = YES_ERROR;
				GCC_WARN_UNDECLARED_SELECTOR = YES;
				GCC_WARN_UNINITIALIZED_AUTOS = YES_AGGRESSIVE;
				GCC_WARN_UNUSED_FUNCTION = YES;
				GCC_WARN_UNUSED_VARIABLE = YES;
				IPHONEOS_DEPLOYMENT_TARGET = 10.2;
				MTL_ENABLE_DEBUG_INFO = YES;
				ONLY_ACTIVE_ARCH = YES;
				SDKROOT = iphoneos;
				TARGETED_DEVICE_FAMILY = "1,2";
			};
			name = Debug;
		};
		76AF0A4B1E7A40A7005899F2 /* Release */ = {
			isa = XCBuildConfiguration;
			buildSettings = {
				ALWAYS_SEARCH_USER_PATHS = NO;
				CLANG_ANALYZER_NONNULL = YES;
				CLANG_CXX_LANGUAGE_STANDARD = "gnu++0x";
				CLANG_CXX_LIBRARY = "libc++";
				CLANG_ENABLE_MODULES = YES;
				CLANG_ENABLE_OBJC_ARC = YES;
				CLANG_WARN_BOOL_CONVERSION = YES;
				CLANG_WARN_CONSTANT_CONVERSION = YES;
				CLANG_WARN_DIRECT_OBJC_ISA_USAGE = YES_ERROR;
				CLANG_WARN_DOCUMENTATION_COMMENTS = YES;
				CLANG_WARN_EMPTY_BODY = YES;
				CLANG_WARN_ENUM_CONVERSION = YES;
				CLANG_WARN_INFINITE_RECURSION = YES;
				CLANG_WARN_INT_CONVERSION = YES;
				CLANG_WARN_OBJC_ROOT_CLASS = YES_ERROR;
				CLANG_WARN_SUSPICIOUS_MOVE = YES;
				CLANG_WARN_UNREACHABLE_CODE = YES;
				CLANG_WARN__DUPLICATE_METHOD_MATCH = YES;
				"CODE_SIGN_IDENTITY[sdk=iphoneos*]" = "iPhone Developer";
				COPY_PHASE_STRIP = NO;
				DEBUG_INFORMATION_FORMAT = "dwarf-with-dsym";
				ENABLE_NS_ASSERTIONS = NO;
				ENABLE_STRICT_OBJC_MSGSEND = YES;
				GCC_C_LANGUAGE_STANDARD = gnu99;
				GCC_NO_COMMON_BLOCKS = YES;
				GCC_WARN_64_TO_32_BIT_CONVERSION = YES;
				GCC_WARN_ABOUT_RETURN_TYPE = YES_ERROR;
				GCC_WARN_UNDECLARED_SELECTOR = YES;
				GCC_WARN_UNINITIALIZED_AUTOS = YES_AGGRESSIVE;
				GCC_WARN_UNUSED_FUNCTION = YES;
				GCC_WARN_UNUSED_VARIABLE = YES;
				IPHONEOS_DEPLOYMENT_TARGET = 10.2;
				MTL_ENABLE_DEBUG_INFO = NO;
				SDKROOT = iphoneos;
				TARGETED_DEVICE_FAMILY = "1,2";
				VALIDATE_PRODUCT = YES;
			};
			name = Release;
		};
		76AF0A4D1E7A40A7005899F2 /* Debug */ = {
			isa = XCBuildConfiguration;
			baseConfigurationReference = 19C3F848B24891E16C0BDC87 /* Pods-RolePlay.debug.xcconfig */;
			buildSettings = {
				ASSETCATALOG_COMPILER_APPICON_NAME = AppIcon;
				DEVELOPMENT_TEAM = 75R36N6AU9;
				GCC_PRECOMPILE_PREFIX_HEADER = YES;
				GCC_PREFIX_HEADER = "$(SRCROOT)/RolePlay/Base/PrefixHeader.pch";
				INFOPLIST_FILE = RolePlay/Info.plist;
				IPHONEOS_DEPLOYMENT_TARGET = 8.0;
				LD_RUNPATH_SEARCH_PATHS = "$(inherited) @executable_path/Frameworks";
				PRODUCT_BUNDLE_IDENTIFIER = com.Refordom.RolePlay;
				PRODUCT_NAME = "$(TARGET_NAME)";
				TARGETED_DEVICE_FAMILY = 1;
			};
			name = Debug;
		};
		76AF0A4E1E7A40A7005899F2 /* Release */ = {
			isa = XCBuildConfiguration;
			baseConfigurationReference = B3F3C1D8EEC485528D56BC93 /* Pods-RolePlay.release.xcconfig */;
			buildSettings = {
				ASSETCATALOG_COMPILER_APPICON_NAME = AppIcon;
				DEVELOPMENT_TEAM = 75R36N6AU9;
				GCC_PRECOMPILE_PREFIX_HEADER = YES;
				GCC_PREFIX_HEADER = "$(SRCROOT)/RolePlay/Base/PrefixHeader.pch";
				INFOPLIST_FILE = RolePlay/Info.plist;
				IPHONEOS_DEPLOYMENT_TARGET = 8.0;
				LD_RUNPATH_SEARCH_PATHS = "$(inherited) @executable_path/Frameworks";
				PRODUCT_BUNDLE_IDENTIFIER = com.Refordom.RolePlay;
				PRODUCT_NAME = "$(TARGET_NAME)";
				TARGETED_DEVICE_FAMILY = 1;
			};
			name = Release;
		};
		76AF0A501E7A40A7005899F2 /* Debug */ = {
			isa = XCBuildConfiguration;
			buildSettings = {
				BUNDLE_LOADER = "$(TEST_HOST)";
				INFOPLIST_FILE = RolePlayTests/Info.plist;
				LD_RUNPATH_SEARCH_PATHS = "$(inherited) @executable_path/Frameworks @loader_path/Frameworks";
				PRODUCT_BUNDLE_IDENTIFIER = com.Refordom.RolePlayTests;
				PRODUCT_NAME = "$(TARGET_NAME)";
				TEST_HOST = "$(BUILT_PRODUCTS_DIR)/RolePlay.app/RolePlay";
			};
			name = Debug;
		};
		76AF0A511E7A40A7005899F2 /* Release */ = {
			isa = XCBuildConfiguration;
			buildSettings = {
				BUNDLE_LOADER = "$(TEST_HOST)";
				INFOPLIST_FILE = RolePlayTests/Info.plist;
				LD_RUNPATH_SEARCH_PATHS = "$(inherited) @executable_path/Frameworks @loader_path/Frameworks";
				PRODUCT_BUNDLE_IDENTIFIER = com.Refordom.RolePlayTests;
				PRODUCT_NAME = "$(TARGET_NAME)";
				TEST_HOST = "$(BUILT_PRODUCTS_DIR)/RolePlay.app/RolePlay";
			};
			name = Release;
		};
		76AF0A531E7A40A7005899F2 /* Debug */ = {
			isa = XCBuildConfiguration;
			buildSettings = {
				INFOPLIST_FILE = RolePlayUITests/Info.plist;
				LD_RUNPATH_SEARCH_PATHS = "$(inherited) @executable_path/Frameworks @loader_path/Frameworks";
				PRODUCT_BUNDLE_IDENTIFIER = com.Refordom.RolePlayUITests;
				PRODUCT_NAME = "$(TARGET_NAME)";
				TEST_TARGET_NAME = RolePlay;
			};
			name = Debug;
		};
		76AF0A541E7A40A7005899F2 /* Release */ = {
			isa = XCBuildConfiguration;
			buildSettings = {
				INFOPLIST_FILE = RolePlayUITests/Info.plist;
				LD_RUNPATH_SEARCH_PATHS = "$(inherited) @executable_path/Frameworks @loader_path/Frameworks";
				PRODUCT_BUNDLE_IDENTIFIER = com.Refordom.RolePlayUITests;
				PRODUCT_NAME = "$(TARGET_NAME)";
				TEST_TARGET_NAME = RolePlay;
			};
			name = Release;
		};
/* End XCBuildConfiguration section */

/* Begin XCConfigurationList section */
		76AF0A1A1E7A40A6005899F2 /* Build configuration list for PBXProject "RolePlay" */ = {
			isa = XCConfigurationList;
			buildConfigurations = (
				76AF0A4A1E7A40A7005899F2 /* Debug */,
				76AF0A4B1E7A40A7005899F2 /* Release */,
			);
			defaultConfigurationIsVisible = 0;
			defaultConfigurationName = Release;
		};
		76AF0A4C1E7A40A7005899F2 /* Build configuration list for PBXNativeTarget "RolePlay" */ = {
			isa = XCConfigurationList;
			buildConfigurations = (
				76AF0A4D1E7A40A7005899F2 /* Debug */,
				76AF0A4E1E7A40A7005899F2 /* Release */,
			);
			defaultConfigurationIsVisible = 0;
			defaultConfigurationName = Release;
		};
		76AF0A4F1E7A40A7005899F2 /* Build configuration list for PBXNativeTarget "RolePlayTests" */ = {
			isa = XCConfigurationList;
			buildConfigurations = (
				76AF0A501E7A40A7005899F2 /* Debug */,
				76AF0A511E7A40A7005899F2 /* Release */,
			);
			defaultConfigurationIsVisible = 0;
			defaultConfigurationName = Release;
		};
		76AF0A521E7A40A7005899F2 /* Build configuration list for PBXNativeTarget "RolePlayUITests" */ = {
			isa = XCConfigurationList;
			buildConfigurations = (
				76AF0A531E7A40A7005899F2 /* Debug */,
				76AF0A541E7A40A7005899F2 /* Release */,
			);
			defaultConfigurationIsVisible = 0;
			defaultConfigurationName = Release;
		};
/* End XCConfigurationList section */
	};
	rootObject = 76AF0A171E7A40A6005899F2 /* Project object */;
}
